
Microsoft Visual Studio Solution File, Format Version 12.00
# Visual Studio Version 17
VisualStudioVersion = 17.6.33815.320
MinimumVisualStudioVersion = 10.0.40219.1
Project("{FAE04EC0-301F-11D3-BF4B-00C04F79EFBC}") = "shoppingAPI_inMemoryCollection", "shoppingAPI_inMemoryCollection.csproj", "{17E97DDF-20E1-4DAF-80BB-D1796278ECB8}"
EndProject
Global
	GlobalSection(SolutionConfigurationPlatforms) = preSolution
		Debug|Any CPU = Debug|Any CPU
		Release|Any CPU = Release|Any CPU
	EndGlobalSection
	GlobalSection(ProjectConfigurationPlatforms) = postSolution
		{17E97DDF-20E1-4DAF-80BB-D1796278ECB8}.Debug|Any CPU.ActiveCfg = Debug|Any CPU
		{17E97DDF-20E1-4DAF-80BB-D1796278ECB8}.Debug|Any CPU.Build.0 = Debug|Any CPU
		{17E97DDF-20E1-4DAF-80BB-D1796278ECB8}.Release|Any CPU.ActiveCfg = Release|Any CPU
		{17E97DDF-20E1-4DAF-80BB-D1796278ECB8}.Release|Any CPU.Build.0 = Release|Any CPU
	EndGlobalSection
	GlobalSection(SolutionProperties) = preSolution
		HideSolutionNode = FALSE
	EndGlobalSection
	GlobalSection(ExtensibilityGlobals) = postSolution
		SolutionGuid = {A9546B9B-72B3-470A-910E-954A2604CA33}
	EndGlobalSection
EndGlobal
